
Microsoft Visual Studio Solution File, Format Version 12.00
# Visual Studio 15
VisualStudioVersion = 15.0.26124.0
MinimumVisualStudioVersion = 15.0.26124.0
Project("{FAE04EC0-301F-11D3-BF4B-00C04F79EFBC}") = "Persistence", "Persistence\Persistence.csproj", "{BCD64F4E-2098-41A0-94A2-51DA9A520EEC}"
EndProject
Project("{FAE04EC0-301F-11D3-BF4B-00C04F79EFBC}") = "DAL", "DAL\DAL.csproj", "{D56C6B97-47D5-44A2-A628-B993643E03E7}"
EndProject
Project("{FAE04EC0-301F-11D3-BF4B-00C04F79EFBC}") = "BL", "BL\BL.csproj", "{4F011F16-270D-493A-87E8-A85BDFC81208}"
EndProject
Project("{FAE04EC0-301F-11D3-BF4B-00C04F79EFBC}") = "PL_Console", "PL_Console\PL_Console.csproj", "{878FE20A-FD76-4310-99C6-3FB3218A8EB8}"
EndProject
Project("{FAE04EC0-301F-11D3-BF4B-00C04F79EFBC}") = "DAL.Test", "DAL.Test\DAL.Test.csproj", "{52BE8613-DC6A-425F-A902-135BA2B1984A}"
EndProject
Project("{FAE04EC0-301F-11D3-BF4B-00C04F79EFBC}") = "BL.Test", "BL.Test\BL.Test.csproj", "{3B3D2C57-B2CC-4F4F-9EC4-6A1AE3F30406}"
EndProject
Global
	GlobalSection(SolutionConfigurationPlatforms) = preSolution
		Debug|Any CPU = Debug|Any CPU
		Debug|x64 = Debug|x64
		Debug|x86 = Debug|x86
		Release|Any CPU = Release|Any CPU
		Release|x64 = Release|x64
		Release|x86 = Release|x86
	EndGlobalSection
	GlobalSection(SolutionProperties) = preSolution
		HideSolutionNode = FALSE
	EndGlobalSection
	GlobalSection(ProjectConfigurationPlatforms) = postSolution
		{BCD64F4E-2098-41A0-94A2-51DA9A520EEC}.Debug|Any CPU.ActiveCfg = Debug|Any CPU
		{BCD64F4E-2098-41A0-94A2-51DA9A520EEC}.Debug|Any CPU.Build.0 = Debug|Any CPU
		{BCD64F4E-2098-41A0-94A2-51DA9A520EEC}.Debug|x64.ActiveCfg = Debug|Any CPU
		{BCD64F4E-2098-41A0-94A2-51DA9A520EEC}.Debug|x64.Build.0 = Debug|Any CPU
		{BCD64F4E-2098-41A0-94A2-51DA9A520EEC}.Debug|x86.ActiveCfg = Debug|Any CPU
		{BCD64F4E-2098-41A0-94A2-51DA9A520EEC}.Debug|x86.Build.0 = Debug|Any CPU
		{BCD64F4E-2098-41A0-94A2-51DA9A520EEC}.Release|Any CPU.ActiveCfg = Release|Any CPU
		{BCD64F4E-2098-41A0-94A2-51DA9A520EEC}.Release|Any CPU.Build.0 = Release|Any CPU
		{BCD64F4E-2098-41A0-94A2-51DA9A520EEC}.Release|x64.ActiveCfg = Release|Any CPU
		{BCD64F4E-2098-41A0-94A2-51DA9A520EEC}.Release|x64.Build.0 = Release|Any CPU
		{BCD64F4E-2098-41A0-94A2-51DA9A520EEC}.Release|x86.ActiveCfg = Release|Any CPU
		{BCD64F4E-2098-41A0-94A2-51DA9A520EEC}.Release|x86.Build.0 = Release|Any CPU
		{D56C6B97-47D5-44A2-A628-B993643E03E7}.Debug|Any CPU.ActiveCfg = Debug|Any CPU
		{D56C6B97-47D5-44A2-A628-B993643E03E7}.Debug|Any CPU.Build.0 = Debug|Any CPU
		{D56C6B97-47D5-44A2-A628-B993643E03E7}.Debug|x64.ActiveCfg = Debug|Any CPU
		{D56C6B97-47D5-44A2-A628-B993643E03E7}.Debug|x64.Build.0 = Debug|Any CPU
		{D56C6B97-47D5-44A2-A628-B993643E03E7}.Debug|x86.ActiveCfg = Debug|Any CPU
		{D56C6B97-47D5-44A2-A628-B993643E03E7}.Debug|x86.Build.0 = Debug|Any CPU
		{D56C6B97-47D5-44A2-A628-B993643E03E7}.Release|Any CPU.ActiveCfg = Release|Any CPU
		{D56C6B97-47D5-44A2-A628-B993643E03E7}.Release|Any CPU.Build.0 = Release|Any CPU
		{D56C6B97-47D5-44A2-A628-B993643E03E7}.Release|x64.ActiveCfg = Release|Any CPU
		{D56C6B97-47D5-44A2-A628-B993643E03E7}.Release|x64.Build.0 = Release|Any CPU
		{D56C6B97-47D5-44A2-A628-B993643E03E7}.Release|x86.ActiveCfg = Release|Any CPU
		{D56C6B97-47D5-44A2-A628-B993643E03E7}.Release|x86.Build.0 = Release|Any CPU
		{4F011F16-270D-493A-87E8-A85BDFC81208}.Debug|Any CPU.ActiveCfg = Debug|Any CPU
		{4F011F16-270D-493A-87E8-A85BDFC81208}.Debug|Any CPU.Build.0 = Debug|Any CPU
		{4F011F16-270D-493A-87E8-A85BDFC81208}.Debug|x64.ActiveCfg = Debug|Any CPU
		{4F011F16-270D-493A-87E8-A85BDFC81208}.Debug|x64.Build.0 = Debug|Any CPU
		{4F011F16-270D-493A-87E8-A85BDFC81208}.Debug|x86.ActiveCfg = Debug|Any CPU
		{4F011F16-270D-493A-87E8-A85BDFC81208}.Debug|x86.Build.0 = Debug|Any CPU
		{4F011F16-270D-493A-87E8-A85BDFC81208}.Release|Any CPU.ActiveCfg = Release|Any CPU
		{4F011F16-270D-493A-87E8-A85BDFC81208}.Release|Any CPU.Build.0 = Release|Any CPU
		{4F011F16-270D-493A-87E8-A85BDFC81208}.Release|x64.ActiveCfg = Release|Any CPU
		{4F011F16-270D-493A-87E8-A85BDFC81208}.Release|x64.Build.0 = Release|Any CPU
		{4F011F16-270D-493A-87E8-A85BDFC81208}.Release|x86.ActiveCfg = Release|Any CPU
		{4F011F16-270D-493A-87E8-A85BDFC81208}.Release|x86.Build.0 = Release|Any CPU
		{878FE20A-FD76-4310-99C6-3FB3218A8EB8}.Debug|Any CPU.ActiveCfg = Debug|Any CPU
		{878FE20A-FD76-4310-99C6-3FB3218A8EB8}.Debug|Any CPU.Build.0 = Debug|Any CPU
		{878FE20A-FD76-4310-99C6-3FB3218A8EB8}.Debug|x64.ActiveCfg = Debug|Any CPU
		{878FE20A-FD76-4310-99C6-3FB3218A8EB8}.Debug|x64.Build.0 = Debug|Any CPU
		{878FE20A-FD76-4310-99C6-3FB3218A8EB8}.Debug|x86.ActiveCfg = Debug|Any CPU
		{878FE20A-FD76-4310-99C6-3FB3218A8EB8}.Debug|x86.Build.0 = Debug|Any CPU
		{878FE20A-FD76-4310-99C6-3FB3218A8EB8}.Release|Any CPU.ActiveCfg = Release|Any CPU
		{878FE20A-FD76-4310-99C6-3FB3218A8EB8}.Release|Any CPU.Build.0 = Release|Any CPU
		{878FE20A-FD76-4310-99C6-3FB3218A8EB8}.Release|x64.ActiveCfg = Release|Any CPU
		{878FE20A-FD76-4310-99C6-3FB3218A8EB8}.Release|x64.Build.0 = Release|Any CPU
		{878FE20A-FD76-4310-99C6-3FB3218A8EB8}.Release|x86.ActiveCfg = Release|Any CPU
		{878FE20A-FD76-4310-99C6-3FB3218A8EB8}.Release|x86.Build.0 = Release|Any CPU
		{52BE8613-DC6A-425F-A902-135BA2B1984A}.Debug|Any CPU.ActiveCfg = Debug|Any CPU
		{52BE8613-DC6A-425F-A902-135BA2B1984A}.Debug|Any CPU.Build.0 = Debug|Any CPU
		{52BE8613-DC6A-425F-A902-135BA2B1984A}.Debug|x64.ActiveCfg = Debug|Any CPU
		{52BE8613-DC6A-425F-A902-135BA2B1984A}.Debug|x64.Build.0 = Debug|Any CPU
		{52BE8613-DC6A-425F-A902-135BA2B1984A}.Debug|x86.ActiveCfg = Debug|Any CPU
		{52BE8613-DC6A-425F-A902-135BA2B1984A}.Debug|x86.Build.0 = Debug|Any CPU
		{52BE8613-DC6A-425F-A902-135BA2B1984A}.Release|Any CPU.ActiveCfg = Release|Any CPU
		{52BE8613-DC6A-425F-A902-135BA2B1984A}.Release|Any CPU.Build.0 = Release|Any CPU
		{52BE8613-DC6A-425F-A902-135BA2B1984A}.Release|x64.ActiveCfg = Release|Any CPU
		{52BE8613-DC6A-425F-A902-135BA2B1984A}.Release|x64.Build.0 = Release|Any CPU
		{52BE8613-DC6A-425F-A902-135BA2B1984A}.Release|x86.ActiveCfg = Release|Any CPU
		{52BE8613-DC6A-425F-A902-135BA2B1984A}.Release|x86.Build.0 = Release|Any CPU
		{3B3D2C57-B2CC-4F4F-9EC4-6A1AE3F30406}.Debug|Any CPU.ActiveCfg = Debug|Any CPU
		{3B3D2C57-B2CC-4F4F-9EC4-6A1AE3F30406}.Debug|Any CPU.Build.0 = Debug|Any CPU
		{3B3D2C57-B2CC-4F4F-9EC4-6A1AE3F30406}.Debug|x64.ActiveCfg = Debug|Any CPU
		{3B3D2C57-B2CC-4F4F-9EC4-6A1AE3F30406}.Debug|x64.Build.0 = Debug|Any CPU
		{3B3D2C57-B2CC-4F4F-9EC4-6A1AE3F30406}.Debug|x86.ActiveCfg = Debug|Any CPU
		{3B3D2C57-B2CC-4F4F-9EC4-6A1AE3F30406}.Debug|x86.Build.0 = Debug|Any CPU
		{3B3D2C57-B2CC-4F4F-9EC4-6A1AE3F30406}.Release|Any CPU.ActiveCfg = Release|Any CPU
		{3B3D2C57-B2CC-4F4F-9EC4-6A1AE3F30406}.Release|Any CPU.Build.0 = Release|Any CPU
		{3B3D2C57-B2CC-4F4F-9EC4-6A1AE3F30406}.Release|x64.ActiveCfg = Release|Any CPU
		{3B3D2C57-B2CC-4F4F-9EC4-6A1AE3F30406}.Release|x64.Build.0 = Release|Any CPU
		{3B3D2C57-B2CC-4F4F-9EC4-6A1AE3F30406}.Release|x86.ActiveCfg = Release|Any CPU
		{3B3D2C57-B2CC-4F4F-9EC4-6A1AE3F30406}.Release|x86.Build.0 = Release|Any CPU
	EndGlobalSection
EndGlobal
